
Microsoft Visual Studio Solution File, Format Version 12.00
# Visual Studio 14
VisualStudioVersion = 14.0.25420.1
MinimumVisualStudioVersion = 10.0.40219.1
Project("{2150E333-8FDC-42A3-9474-1A3956D46DE8}") = "examples", "examples", "{41D2CF85-4AD6-4581-8605-00ABB7FB60FB}"
EndProject
Project("{2150E333-8FDC-42A3-9474-1A3956D46DE8}") = "src", "src", "{56DC4827-F839-4CEA-8A6E-6076EEFD3AE2}"
EndProject
Project("{2150E333-8FDC-42A3-9474-1A3956D46DE8}") = "test", "test", "{7506D9DD-1236-4A19-8B2C-5F595B7AFDA8}"
EndProject
Project("{FAE04EC0-301F-11D3-BF4B-00C04F79EFBC}") = "FengYun.NPoco.Data", "src\FengYun.NPoco.Data\FengYun.NPoco.Data.csproj", "{36D60DE9-ED2A-4103-BF09-2E332B4784F0}"
EndProject
Project("{FAE04EC0-301F-11D3-BF4B-00C04F79EFBC}") = "FengYun.NPoco.Data.Test", "FengYun.NPoco.Data.Test\FengYun.NPoco.Data.Test.csproj", "{7C248456-7180-44DD-8A77-0B7E264C3C52}"
EndProject
Global
	GlobalSection(SolutionConfigurationPlatforms) = preSolution
		Debug|Any CPU = Debug|Any CPU
		Release|Any CPU = Release|Any CPU
	EndGlobalSection
	GlobalSection(ProjectConfigurationPlatforms) = postSolution
		{36D60DE9-ED2A-4103-BF09-2E332B4784F0}.Debug|Any CPU.ActiveCfg = Debug|Any CPU
		{36D60DE9-ED2A-4103-BF09-2E332B4784F0}.Debug|Any CPU.Build.0 = Debug|Any CPU
		{36D60DE9-ED2A-4103-BF09-2E332B4784F0}.Release|Any CPU.ActiveCfg = Release|Any CPU
		{36D60DE9-ED2A-4103-BF09-2E332B4784F0}.Release|Any CPU.Build.0 = Release|Any CPU
		{7C248456-7180-44DD-8A77-0B7E264C3C52}.Debug|Any CPU.ActiveCfg = Debug|Any CPU
		{7C248456-7180-44DD-8A77-0B7E264C3C52}.Debug|Any CPU.Build.0 = Debug|Any CPU
		{7C248456-7180-44DD-8A77-0B7E264C3C52}.Release|Any CPU.ActiveCfg = Release|Any CPU
		{7C248456-7180-44DD-8A77-0B7E264C3C52}.Release|Any CPU.Build.0 = Release|Any CPU
	EndGlobalSection
	GlobalSection(SolutionProperties) = preSolution
		HideSolutionNode = FALSE
	EndGlobalSection
	GlobalSection(NestedProjects) = preSolution
		{36D60DE9-ED2A-4103-BF09-2E332B4784F0} = {56DC4827-F839-4CEA-8A6E-6076EEFD3AE2}
		{7C248456-7180-44DD-8A77-0B7E264C3C52} = {7506D9DD-1236-4A19-8B2C-5F595B7AFDA8}
	EndGlobalSection
EndGlobal
